
Microsoft Visual Studio Solution File, Format Version 12.00
# Visual Studio Version 16
VisualStudioVersion = 16.0.29709.97
MinimumVisualStudioVersion = 10.0.40219.1
Project("{FAE04EC0-301F-11D3-BF4B-00C04F79EFBC}") = "Geography Quiz", "Geography Quiz\Geography Quiz.csproj", "{6251EAFD-597F-4346-AC42-FB0E3A707057}"
EndProject
Global
	GlobalSection(SolutionConfigurationPlatforms) = preSolution
		Debug|Any CPU = Debug|Any CPU
		Release|Any CPU = Release|Any CPU
	EndGlobalSection
	GlobalSection(ProjectConfigurationPlatforms) = postSolution
		{6251EAFD-597F-4346-AC42-FB0E3A707057}.Debug|Any CPU.ActiveCfg = Debug|Any CPU
		{6251EAFD-597F-4346-AC42-FB0E3A707057}.Debug|Any CPU.Build.0 = Debug|Any CPU
		{6251EAFD-597F-4346-AC42-FB0E3A707057}.Release|Any CPU.ActiveCfg = Release|Any CPU
		{6251EAFD-597F-4346-AC42-FB0E3A707057}.Release|Any CPU.Build.0 = Release|Any CPU
	EndGlobalSection
	GlobalSection(SolutionProperties) = preSolution
		HideSolutionNode = FALSE
	EndGlobalSection
	GlobalSection(ExtensibilityGlobals) = postSolution
		SolutionGuid = {E7B067E8-6D5E-414A-9D3B-CC850DE642DE}
	EndGlobalSection
EndGlobal
